// !$*UTF8*$!
{
	archiveVersion = 1;
	classes = {
	};
	objectVersion = 50;
	objects = {

/* Begin PBXBuildFile section */
		92C513B421595F0E000322CB /* AppDelegate.swift in Sources */ = {isa = PBXBuildFile; fileRef = 92C513B321595F0E000322CB /* AppDelegate.swift */; };
		92C513B621595F0E000322CB /* ViewController.swift in Sources */ = {isa = PBXBuildFile; fileRef = 92C513B521595F0E000322CB /* ViewController.swift */; };
		92C513B921595F0E000322CB /* Main.storyboard in Resources */ = {isa = PBXBuildFile; fileRef = 92C513B721595F0E000322CB /* Main.storyboard */; };
		92C513BB21595F0E000322CB /* Assets.xcassets in Resources */ = {isa = PBXBuildFile; fileRef = 92C513BA21595F0E000322CB /* Assets.xcassets */; };
		92C513BE21595F0E000322CB /* LaunchScreen.storyboard in Resources */ = {isa = PBXBuildFile; fileRef = 92C513BC21595F0E000322CB /* LaunchScreen.storyboard */; };
		92C513CE21595FAC000322CB /* aspas-esquerda.png in Resources */ = {isa = PBXBuildFile; fileRef = 92C513CB21595FAC000322CB /* aspas-esquerda.png */; };
		92C513CF21595FAC000322CB /* logo.png in Resources */ = {isa = PBXBuildFile; fileRef = 92C513CC21595FAC000322CB /* logo.png */; };
		92C513D021595FAC000322CB /* aspas-direita.png in Resources */ = {isa = PBXBuildFile; fileRef = 92C513CD21595FAC000322CB /* aspas-direita.png */; };
/* End PBXBuildFile section */

/* Begin PBXFileReference section */
		92C513B021595F0E000322CB /* FraseDoDia.app */ = {isa = PBXFileReference; explicitFileType = wrapper.application; includeInIndex = 0; path = FraseDoDia.app; sourceTree = BUILT_PRODUCTS_DIR; };
		92C513B321595F0E000322CB /* AppDelegate.swift */ = {isa = PBXFileReference; lastKnownFileType = sourcecode.swift; path = AppDelegate.swift; sourceTree = "<group>"; };
		92C513B521595F0E000322CB /* ViewController.swift */ = {isa = PBXFileReference; lastKnownFileType = sourcecode.swift; path = ViewController.swift; sourceTree = "<group>"; };
		92C513B821595F0E000322CB /* Base */ = {isa = PBXFileReference; lastKnownFileType = file.storyboard; name = Base; path = Base.lproj/Main.storyboard; sourceTree = "<group>"; };
		92C513BA21595F0E000322CB /* Assets.xcassets */ = {isa = PBXFileReference; lastKnownFileType = folder.assetcatalog; path = Assets.xcassets; sourceTree = "<group>"; };
		92C513BD21595F0E000322CB /* Base */ = {isa = PBXFileReference; lastKnownFileType = file.storyboard; name = Base; path = Base.lproj/LaunchScreen.storyboard; sourceTree = "<group>"; };
		92C513BF21595F0E000322CB /* Info.plist */ = {isa = PBXFileReference; lastKnownFileType = text.plist.xml; path = Info.plist; sourceTree = "<group>"; };
		92C513CB21595FAC000322CB /* aspas-esquerda.png */ = {isa = PBXFileReference; lastKnownFileType = image.png; name = "aspas-esquerda.png"; path = "../../../../../Downloads/imagens-app-frases-do-dia/aspas-esquerda.png"; sourceTree = "<group>"; };
		92C513CC21595FAC000322CB /* logo.png */ = {isa = PBXFileReference; lastKnownFileType = image.png; name = logo.png; path = "../../../../../Downloads/imagens-app-frases-do-dia/logo.png"; sourceTree = "<group>"; };
		92C513CD21595FAC000322CB /* aspas-direita.png */ = {isa = PBXFileReference; lastKnownFileType = image.png; name = "aspas-direita.png"; path = "../../../../../Downloads/imagens-app-frases-do-dia/aspas-direita.png"; sourceTree = "<group>"; };
/* End PBXFileReference section */

/* Begin PBXFrameworksBuildPhase section */
		92C513AD21595F0E000322CB /* Frameworks */ = {
			isa = PBXFrameworksBuildPhase;
			buildActionMask = 2147483647;
			files = (
			);
			runOnlyForDeploymentPostprocessing = 0;
		};
/* End PBXFrameworksBuildPhase section */

/* Begin PBXGroup section */
		92C513A721595F0E000322CB = {
			isa = PBXGroup;
			children = (
				92C513B221595F0E000322CB /* FraseDoDia */,
				92C513B121595F0E000322CB /* Products */,
			);
			sourceTree = "<group>";
		};
		92C513B121595F0E000322CB /* Products */ = {
			isa = PBXGroup;
			children = (
				92C513B021595F0E000322CB /* FraseDoDia.app */,
			);
			name = Products;
			sourceTree = "<group>";
		};
		92C513B221595F0E000322CB /* FraseDoDia */ = {
			isa = PBXGroup;
			children = (
				92C513B321595F0E000322CB /* AppDelegate.swift */,
				92C513B521595F0E000322CB /* ViewController.swift */,
				92C513B721595F0E000322CB /* Main.storyboard */,
				92C513BA21595F0E000322CB /* Assets.xcassets */,
				92C513CD21595FAC000322CB /* aspas-direita.png */,
				92C513CB21595FAC000322CB /* aspas-esquerda.png */,
				92C513CC21595FAC000322CB /* logo.png */,
				92C513BC21595F0E000322CB /* LaunchScreen.storyboard */,
				92C513BF21595F0E000322CB /* Info.plist */,
			);
			path = FraseDoDia;
			sourceTree = "<group>";
		};
/* End PBXGroup section */

/* Begin PBXNativeTarget section */
		92C513AF21595F0E000322CB /* FraseDoDia */ = {
			isa = PBXNativeTarget;
			buildConfigurationList = 92C513C221595F0E000322CB /* Build configuration list for PBXNativeTarget "FraseDoDia" */;
			buildPhases = (
				92C513AC21595F0E000322CB /* Sources */,
				92C513AD21595F0E000322CB /* Frameworks */,
				92C513AE21595F0E000322CB /* Resources */,
			);
			buildRules = (
			);
			dependencies = (
			);
			name = FraseDoDia;
			productName = FraseDoDia;
			productReference = 92C513B021595F0E000322CB /* FraseDoDia.app */;
			productType = "com.apple.product-type.application";
		};
/* End PBXNativeTarget section */

/* Begin PBXProject section */
		92C513A821595F0E000322CB /* Project object */ = {
			isa = PBXProject;
			attributes = {
				LastSwiftUpdateCheck = 1000;
				LastUpgradeCheck = 1000;
				ORGANIZATIONNAME = fchiarello;
				TargetAttributes = {
					92C513AF21595F0E000322CB = {
						CreatedOnToolsVersion = 10.0;
					};
				};
			};
			buildConfigurationList = 92C513AB21595F0E000322CB /* Build configuration list for PBXProject "FraseDoDia" */;
			compatibilityVersion = "Xcode 9.3";
			developmentRegion = en;
			hasScannedForEncodings = 0;
			knownRegions = (
				en,
				Base,
			);
			mainGroup = 92C513A721595F0E000322CB;
			productRefGroup = 92C513B121595F0E000322CB /* Products */;
			projectDirPath = "";
			projectRoot = "";
			targets = (
				92C513AF21595F0E000322CB /* FraseDoDia */,
			);
		};
/* End PBXProject section */

/* Begin PBXResourcesBuildPhase section */
		92C513AE21595F0E000322CB /* Resources */ = {
			isa = PBXResourcesBuildPhase;
			buildActionMask = 2147483647;
			files = (
				92C513CE21595FAC000322CB /* aspas-esquerda.png in Resources */,
				92C513CF21595FAC000322CB /* logo.png in Resources */,
				92C513BE21595F0E000322CB /* LaunchScreen.storyboard in Resources */,
				92C513BB21595F0E000322CB /* Assets.xcassets in Resources */,
				92C513B921595F0E000322CB /* Main.storyboard in Resources */,
				92C513D021595FAC000322CB /* aspas-direita.png in Resources */,
			);
			runOnlyForDeploymentPostprocessing = 0;
		};
/* End PBXResourcesBuildPhase section */

/* Begin PBXSourcesBuildPhase section */
		92C513AC21595F0E000322CB /* Sources */ = {
			isa = PBXSourcesBuildPhase;
			buildActionMask = 2147483647;
			files = (
				92C513B621595F0E000322CB /* ViewController.swift in Sources */,
				92C513B421595F0E000322CB /* AppDelegate.swift in Sources */,
			);
			runOnlyForDeploymentPostprocessing = 0;
		};
/* End PBXSourcesBuildPhase section */

/* Begin PBXVariantGroup section */
		92C513B721595F0E000322CB /* Main.storyboard */ = {
			isa = PBXVariantGroup;
			children = (
				92C513B821595F0E000322CB /* Base */,
			);
			name = Main.storyboard;
			sourceTree = "<group>";
		};
		92C513BC21595F0E000322CB /* LaunchScreen.storyboard */ = {
			isa = PBXVariantGroup;
			children = (
				92C513BD21595F0E000322CB /* Base */,
			);
			name = LaunchScreen.storyboard;
			sourceTree = "<group>";
		};
/* End PBXVariantGroup section */

/* Begin XCBuildConfiguration section */
		92C513C021595F0E000322CB /* Debug */ = {
			isa = XCBuildConfiguration;
			buildSettings = {
				ALWAYS_SEARCH_USER_PATHS = NO;
				CLANG_ANALYZER_NONNULL = YES;
				CLANG_ANALYZER_NUMBER_OBJECT_CONVERSION = YES_AGGRESSIVE;
				CLANG_CXX_LANGUAGE_STANDARD = "gnu++14";
				CLANG_CXX_LIBRARY = "libc++";
				CLANG_ENABLE_MODULES = YES;
				CLANG_ENABLE_OBJC_ARC = YES;
				CLANG_ENABLE_OBJC_WEAK = YES;
				CLANG_WARN_BLOCK_CAPTURE_AUTORELEASING = YES;
				CLANG_WARN_BOOL_CONVERSION = YES;
				CLANG_WARN_COMMA = YES;
				CLANG_WARN_CONSTANT_CONVERSION = YES;
				CLANG_WARN_DEPRECATED_OBJC_IMPLEMENTATIONS = YES;
				CLANG_WARN_DIRECT_OBJC_ISA_USAGE = YES_ERROR;
				CLANG_WARN_DOCUMENTATION_COMMENTS = YES;
				CLANG_WARN_EMPTY_BODY = YES;
				CLANG_WARN_ENUM_CONVERSION = YES;
				CLANG_WARN_INFINITE_RECURSION = YES;
				CLANG_WARN_INT_CONVERSION = YES;
				CLANG_WARN_NON_LITERAL_NULL_CONVERSION = YES;
				CLANG_WARN_OBJC_IMPLICIT_RETAIN_SELF = YES;
				CLANG_WARN_OBJC_LITERAL_CONVERSION = YES;
				CLANG_WARN_OBJC_ROOT_CLASS = YES_ERROR;
				CLANG_WARN_RANGE_LOOP_ANALYSIS = YES;
				CLANG_WARN_STRICT_PROTOTYPES = YES;
				CLANG_WARN_SUSPICIOUS_MOVE = YES;
				CLANG_WARN_UNGUARDED_AVAILABILITY = YES_AGGRESSIVE;
				CLANG_WARN_UNREACHABLE_CODE = YES;
				CLANG_WARN__DUPLICATE_METHOD_MATCH = YES;
				CODE_SIGN_IDENTITY = "iPhone Developer";
				COPY_PHASE_STRIP = NO;
				DEBUG_INFORMATION_FORMAT = dwarf;
				ENABLE_STRICT_OBJC_MSGSEND = YES;
				ENABLE_TESTABILITY = YES;
				GCC_C_LANGUAGE_STANDARD = gnu11;
				GCC_DYNAMIC_NO_PIC = NO;
				GCC_NO_COMMON_BLOCKS = YES;
				GCC_OPTIMIZATION_LEVEL = 0;
				GCC_PREPROCESSOR_DEFINITIONS = (
					"DEBUG=1",
					"$(inherited)",
				);
				GCC_WARN_64_TO_32_BIT_CONVERSION = YES;
				GCC_WARN_ABOUT_RETURN_TYPE = YES_ERROR;
				GCC_WARN_UNDECLARED_SELECTOR = YES;
				GCC_WARN_UNINITIALIZED_AUTOS = YES_AGGRESSIVE;
				GCC_WARN_UNUSED_FUNCTION = YES;
				GCC_WARN_UNUSED_VARIABLE = YES;
				IPHONEOS_DEPLOYMENT_TARGET = 12.0;
				MTL_ENABLE_DEBUG_INFO = INCLUDE_SOURCE;
				MTL_FAST_MATH = YES;
				ONLY_ACTIVE_ARCH = YES;
				SDKROOT = iphoneos;
				SWIFT_ACTIVE_COMPILATION_CONDITIONS = DEBUG;
				SWIFT_OPTIMIZATION_LEVEL = "-Onone";
			};
			name = Debug;
		};
		92C513C121595F0E000322CB /* Release */ = {
			isa = XCBuildConfiguration;
			buildSettings = {
				ALWAYS_SEARCH_USER_PATHS = NO;
				CLANG_ANALYZER_NONNULL = YES;
				CLANG_ANALYZER_NUMBER_OBJECT_CONVERSION = YES_AGGRESSIVE;
				CLANG_CXX_LANGUAGE_STANDARD = "gnu++14";
				CLANG_CXX_LIBRARY = "libc++";
				CLANG_ENABLE_MODULES = YES;
				CLANG_ENABLE_OBJC_ARC = YES;
				CLANG_ENABLE_OBJC_WEAK = YES;
				CLANG_WARN_BLOCK_CAPTURE_AUTORELEASING = YES;
				CLANG_WARN_BOOL_CONVERSION = YES;
				CLANG_WARN_COMMA = YES;
				CLANG_WARN_CONSTANT_CONVERSION = YES;
				CLANG_WARN_DEPRECATED_OBJC_IMPLEMENTATIONS = YES;
				CLANG_WARN_DIRECT_OBJC_ISA_USAGE = YES_ERROR;
				CLANG_WARN_DOCUMENTATION_COMMENTS = YES;
				CLANG_WARN_EMPTY_BODY = YES;
				CLANG_WARN_ENUM_CONVERSION = YES;
				CLANG_WARN_INFINITE_RECURSION = YES;
				CLANG_WARN_INT_CONVERSION = YES;
				CLANG_WARN_NON_LITERAL_NULL_CONVERSION = YES;
				CLANG_WARN_OBJC_IMPLICIT_RETAIN_SELF = YES;
				CLANG_WARN_OBJC_LITERAL_CONVERSION = YES;
				CLANG_WARN_OBJC_ROOT_CLASS = YES_ERROR;
				CLANG_WARN_RANGE_LOOP_ANALYSIS = YES;
				CLANG_WARN_STRICT_PROTOTYPES = YES;
				CLANG_WARN_SUSPICIOUS_MOVE = YES;
				CLANG_WARN_UNGUARDED_AVAILABILITY = YES_AGGRESSIVE;
				CLANG_WARN_UNREACHABLE_CODE = YES;
				CLANG_WARN__DUPLICATE_METHOD_MATCH = YES;
				CODE_SIGN_IDENTITY = "iPhone Developer";
				COPY_PHASE_STRIP = NO;
				DEBUG_INFORMATION_FORMAT = "dwarf-with-dsym";
				ENABLE_NS_ASSERTIONS = NO;
				ENABLE_STRICT_OBJC_MSGSEND = YES;
				GCC_C_LANGUAGE_STANDARD = gnu11;
				GCC_NO_COMMON_BLOCKS = YES;
				GCC_WARN_64_TO_32_BIT_CONVERSION = YES;
				GCC_WARN_ABOUT_RETURN_TYPE = YES_ERROR;
				GCC_WARN_UNDECLARED_SELECTOR = YES;
				GCC_WARN_UNINITIALIZED_AUTOS = YES_AGGRESSIVE;
				GCC_WARN_UNUSED_FUNCTION = YES;
				GCC_WARN_UNUSED_VARIABLE = YES;
				IPHONEOS_DEPLOYMENT_TARGET = 12.0;
				MTL_ENABLE_DEBUG_INFO = NO;
				MTL_FAST_MATH = YES;
				SDKROOT = iphoneos;
				SWIFT_COMPILATION_MODE = wholemodule;
				SWIFT_OPTIMIZATION_LEVEL = "-O";
				VALIDATE_PRODUCT = YES;
			};
			name = Release;
		};
		92C513C321595F0E000322CB /* Debug */ = {
			isa = XCBuildConfiguration;
			buildSettings = {
				ASSETCATALOG_COMPILER_APPICON_NAME = AppIcon;
				CODE_SIGN_STYLE = Automatic;
				DEVELOPMENT_TEAM = HJ6RR33WF2;
				INFOPLIST_FILE = FraseDoDia/Info.plist;
				LD_RUNPATH_SEARCH_PATHS = (
					"$(inherited)",
					"@executable_path/Frameworks",
				);
				PRODUCT_BUNDLE_IDENTIFIER = com.fchiarello.FraseDoDia;
				PRODUCT_NAME = "$(TARGET_NAME)";
				SWIFT_VERSION = 4.2;
				TARGETED_DEVICE_FAMILY = "1,2";
			};
			name = Debug;
		};
		92C513C421595F0E000322CB /* Release */ = {
			isa = XCBuildConfiguration;
			buildSettings = {
				ASSETCATALOG_COMPILER_APPICON_NAME = AppIcon;
				CODE_SIGN_STYLE = Automatic;
				DEVELOPMENT_TEAM = HJ6RR33WF2;
				INFOPLIST_FILE = FraseDoDia/Info.plist;
				LD_RUNPATH_SEARCH_PATHS = (
					"$(inherited)",
					"@executable_path/Frameworks",
				);
				PRODUCT_BUNDLE_IDENTIFIER = com.fchiarello.FraseDoDia;
				PRODUCT_NAME = "$(TARGET_NAME)";
				SWIFT_VERSION = 4.2;
				TARGETED_DEVICE_FAMILY = "1,2";
			};
			name = Release;
		};
/* End XCBuildConfiguration section */

/* Begin XCConfigurationList section */
		92C513AB21595F0E000322CB /* Build configuration list for PBXProject "FraseDoDia" */ = {
			isa = XCConfigurationList;
			buildConfigurations = (
				92C513C021595F0E000322CB /* Debug */,
				92C513C121595F0E000322CB /* Release */,
			);
			defaultConfigurationIsVisible = 0;
			defaultConfigurationName = Release;
		};
		92C513C221595F0E000322CB /* Build configuration list for PBXNativeTarget "FraseDoDia" */ = {
			isa = XCConfigurationList;
			buildConfigurations = (
				92C513C321595F0E000322CB /* Debug */,
				92C513C421595F0E000322CB /* Release */,
			);
			defaultConfigurationIsVisible = 0;
			defaultConfigurationName = Release;
		};
/* End XCConfigurationList section */
	};
	rootObject = 92C513A821595F0E000322CB /* Project object */;
}
